<?xml version="1.0" encoding="utf-8"?>
<Project ToolsVersion="4.0" xmlns="http://schemas.microsoft.com/developer/msbuild/2003">
  <ItemGroup>
    <Filter Include="Source Files">
      <UniqueIdentifier>{4FC737F1-C7A5-4376-A066-2A32D752A2FF}</UniqueIdentifier>
      <Extensions>cpp;c;cc;cxx;c++;cppm;ixx;def;odl;idl;hpj;bat;asm;asmx</Extensions>
    </Filter>
    <Filter Include="Header Files">
      <UniqueIdentifier>{93995380-89BD-4b04-88EB-625FBE52EBFB}</UniqueIdentifier>
      <Extensions>h;hh;hpp;hxx;h++;hm;inl;inc;ipp;xsd</Extensions>
    </Filter>
    <Filter Include="Resource Files">
      <UniqueIdentifier>{67DA6AB6-F800-4c08-8B7A-83BB121AAD01}</UniqueIdentifier>
      <Extensions>rc;ico;cur;bmp;dlg;rc2;rct;bin;rgs;gif;jpg;jpeg;jpe;resx;tiff;tif;png;wav;mfcribbon-ms</Extensions>
    </Filter>
    <Filter Include="Galaga_H">
      <UniqueIdentifier>{c058433e-5278-422d-8cff-e25351ae74dd}</UniqueIdentifier>
    </Filter>
    <Filter Include="Galaga_CPP">
      <UniqueIdentifier>{9952ba34-431d-4bd7-ab8e-f0554c5b38fb}</UniqueIdentifier>
    </Filter>
    <Filter Include="Header Files\Singletons">
      <UniqueIdentifier>{90221eec-f0b9-408e-bd92-33758388ee7d}</UniqueIdentifier>
    </Filter>
    <Filter Include="Header Files\Entities">
      <UniqueIdentifier>{996f8fcf-2eea-448d-8d70-eea35270822c}</UniqueIdentifier>
    </Filter>
    <Filter Include="Header Files\Colliders">
      <UniqueIdentifier>{164405b8-e491-4b2a-9e00-10c915ce64c9}</UniqueIdentifier>
    </Filter>
    <Filter Include="Data">
      <UniqueIdentifier>{09a99204-d780-4173-8910-7a2d9379f131}</UniqueIdentifier>
    </Filter>
    <Filter Include="TinyXML">
      <UniqueIdentifier>{d62dfd9f-855a-439b-9a21-64860a5a22b1}</UniqueIdentifier>
    </Filter>
  </ItemGroup>
  <ItemGroup>
    <ClCompile Include="SDL_Framework.cpp">
      <Filter>Source Files</Filter>
    </ClCompile>
    <ClCompile Include="Graphics.cpp">
      <Filter>Source Files</Filter>
    </ClCompile>
    <ClCompile Include="GameManager.cpp">
      <Filter>Source Files</Filter>
    </ClCompile>
    <ClCompile Include="Timer.cpp">
      <Filter>Source Files</Filter>
    </ClCompile>
    <ClCompile Include="GameEntity.cpp">
      <Filter>Source Files</Filter>
    </ClCompile>
    <ClCompile Include="AssetManager.cpp">
      <Filter>Source Files</Filter>
    </ClCompile>
    <ClCompile Include="Texture.cpp">
      <Filter>Source Files</Filter>
    </ClCompile>
    <ClCompile Include="InputManager.cpp">
      <Filter>Source Files</Filter>
    </ClCompile>
    <ClCompile Include="AnimatedTexture.cpp">
      <Filter>Source Files</Filter>
    </ClCompile>
    <ClCompile Include="AudioManager.cpp">
      <Filter>Source Files</Filter>
    </ClCompile>
    <ClCompile Include="Collider.cpp">
      <Filter>Source Files</Filter>
    </ClCompile>
    <ClCompile Include="PhysEntity.cpp">
      <Filter>Source Files</Filter>
    </ClCompile>
    <ClCompile Include="BoxCollider.cpp">
      <Filter>Source Files</Filter>
    </ClCompile>
    <ClCompile Include="CircleCollider.cpp">
      <Filter>Source Files</Filter>
    </ClCompile>
    <ClCompile Include="PhysicsManager.cpp">
      <Filter>Source Files</Filter>
    </ClCompile>
    <ClCompile Include="StartScreen.cpp">
      <Filter>Galaga_CPP</Filter>
    </ClCompile>
    <ClCompile Include="Random.cpp">
      <Filter>Galaga_CPP</Filter>
    </ClCompile>
    <ClCompile Include="Star.cpp">
      <Filter>Galaga_CPP</Filter>
    </ClCompile>
    <ClCompile Include="StarLayer.cpp">
      <Filter>Galaga_CPP</Filter>
    </ClCompile>
    <ClCompile Include="BackgroundStars.cpp">
      <Filter>Galaga_CPP</Filter>
    </ClCompile>
    <ClCompile Include="Scoreboard.cpp">
      <Filter>Galaga_CPP</Filter>
    </ClCompile>
    <ClCompile Include="ScreenManager.cpp">
      <Filter>Galaga_CPP</Filter>
    </ClCompile>
    <ClCompile Include="PlayScreen.cpp">
      <Filter>Galaga_CPP</Filter>
    </ClCompile>
    <ClCompile Include="PlaySideBar.cpp">
      <Filter>Galaga_CPP</Filter>
    </ClCompile>
    <ClCompile Include="Level.cpp">
      <Filter>Galaga_CPP</Filter>
    </ClCompile>
    <ClCompile Include="Player.cpp">
      <Filter>Galaga_CPP</Filter>
    </ClCompile>
    <ClCompile Include="Bullet.cpp">
      <Filter>Galaga_CPP</Filter>
    </ClCompile>
    <ClCompile Include="BezierPAth.cpp">
      <Filter>Galaga_CPP</Filter>
    </ClCompile>
    <ClCompile Include="Enemy.cpp">
      <Filter>Galaga_CPP</Filter>
    </ClCompile>
    <ClCompile Include="Formation.cpp">
      <Filter>Galaga_CPP</Filter>
    </ClCompile>
    <ClCompile Include="Butterfly.cpp">
      <Filter>Galaga_CPP</Filter>
    </ClCompile>
    <ClCompile Include="Wasp.cpp">
      <Filter>Galaga_CPP</Filter>
    </ClCompile>
    <ClCompile Include="Boss.cpp">
      <Filter>Galaga_CPP</Filter>
    </ClCompile>
    <ClCompile Include="tinyxml2.cpp">
      <Filter>TinyXML</Filter>
    </ClCompile>
    <ClCompile Include="capturebeam.cpp">
      <Filter>Source Files</Filter>
    </ClCompile>
  </ItemGroup>
  <ItemGroup>
    <ClInclude Include="MathHelper.h">
      <Filter>Header Files</Filter>
    </ClInclude>
    <ClInclude Include="PhysicsHelper.h">
      <Filter>Header Files</Filter>
    </ClInclude>
    <ClInclude Include="StartScreen.h">
      <Filter>Galaga_H</Filter>
    </ClInclude>
    <ClInclude Include="Random.h">
      <Filter>Galaga_H</Filter>
    </ClInclude>
    <ClInclude Include="Star.h">
      <Filter>Galaga_H</Filter>
    </ClInclude>
    <ClInclude Include="StarLayer.h">
      <Filter>Galaga_H</Filter>
    </ClInclude>
    <ClInclude Include="BackgroundStars.h">
      <Filter>Galaga_H</Filter>
    </ClInclude>
    <ClInclude Include="Scoreboard.h">
      <Filter>Galaga_H</Filter>
    </ClInclude>
    <ClInclude Include="AssetManager.h">
      <Filter>Header Files\Singletons</Filter>
    </ClInclude>
    <ClInclude Include="AudioManager.h">
      <Filter>Header Files\Singletons</Filter>
    </ClInclude>
    <ClInclude Include="GameManager.h">
      <Filter>Header Files\Singletons</Filter>
    </ClInclude>
    <ClInclude Include="InputManager.h">
      <Filter>Header Files\Singletons</Filter>
    </ClInclude>
    <ClInclude Include="PhysicsManager.h">
      <Filter>Header Files\Singletons</Filter>
    </ClInclude>
    <ClInclude Include="Graphics.h">
      <Filter>Header Files\Singletons</Filter>
    </ClInclude>
    <ClInclude Include="Timer.h">
      <Filter>Header Files\Singletons</Filter>
    </ClInclude>
    <ClInclude Include="AnimatedTexture.h">
      <Filter>Header Files\Entities</Filter>
    </ClInclude>
    <ClInclude Include="Texture.h">
      <Filter>Header Files\Entities</Filter>
    </ClInclude>
    <ClInclude Include="GameEntity.h">
      <Filter>Header Files\Entities</Filter>
    </ClInclude>
    <ClInclude Include="PhysEntity.h">
      <Filter>Header Files\Entities</Filter>
    </ClInclude>
    <ClInclude Include="BoxCollider.h">
      <Filter>Header Files\Colliders</Filter>
    </ClInclude>
    <ClInclude Include="CircleCollider.h">
      <Filter>Header Files\Colliders</Filter>
    </ClInclude>
    <ClInclude Include="Collider.h">
      <Filter>Header Files\Colliders</Filter>
    </ClInclude>
    <ClInclude Include="ScreenManager.h">
      <Filter>Galaga_H</Filter>
    </ClInclude>
    <ClInclude Include="PlayScreen.h">
      <Filter>Galaga_H</Filter>
    </ClInclude>
    <ClInclude Include="PlaySideBar.h">
      <Filter>Galaga_H</Filter>
    </ClInclude>
    <ClInclude Include="Player.h">
      <Filter>Galaga_H</Filter>
    </ClInclude>
    <ClInclude Include="Level.h">
      <Filter>Galaga_H</Filter>
    </ClInclude>
    <ClInclude Include="Bullet.h">
      <Filter>Galaga_H</Filter>
    </ClInclude>
    <ClInclude Include="BezierPath.h">
      <Filter>Galaga_H</Filter>
    </ClInclude>
    <ClInclude Include="Enemy.h">
      <Filter>Galaga_H</Filter>
    </ClInclude>
    <ClInclude Include="Formation.h">
      <Filter>Galaga_H</Filter>
    </ClInclude>
    <ClInclude Include="Butterfly.h">
      <Filter>Galaga_H</Filter>
    </ClInclude>
    <ClInclude Include="Wasp.h">
      <Filter>Galaga_H</Filter>
    </ClInclude>
    <ClInclude Include="Boss.h">
      <Filter>Galaga_H</Filter>
    </ClInclude>
    <ClInclude Include="tinyxml2.h">
      <Filter>TinyXML</Filter>
    </ClInclude>
    <ClInclude Include="capturebeam.h">
      <Filter>Galaga_H</Filter>
    </ClInclude>
  </ItemGroup>
  <ItemGroup>
    <Xml Include="Data\Level1.xml">
      <Filter>Data</Filter>
    </Xml>
  </ItemGroup>
</Project>